
Microsoft Visual Studio Solution File, Format Version 12.00
# Visual Studio Version 16
VisualStudioVersion = 16.0.32510.428
MinimumVisualStudioVersion = 10.0.40219.1
Project("{FAE04EC0-301F-11D3-BF4B-00C04F79EFBC}") = "AutoShutdown", "AutoShutdown.csproj", "{FAAC5D52-82ED-456B-9765-6DD8AB34E33A}"
EndProject
Global
	GlobalSection(SolutionConfigurationPlatforms) = preSolution
		Debug|Any CPU = Debug|Any CPU
		Release|Any CPU = Release|Any CPU
	EndGlobalSection
	GlobalSection(ProjectConfigurationPlatforms) = postSolution
		{FAAC5D52-82ED-456B-9765-6DD8AB34E33A}.Debug|Any CPU.ActiveCfg = Debug|Any CPU
		{FAAC5D52-82ED-456B-9765-6DD8AB34E33A}.Debug|Any CPU.Build.0 = Debug|Any CPU
		{FAAC5D52-82ED-456B-9765-6DD8AB34E33A}.Release|Any CPU.ActiveCfg = Release|Any CPU
		{FAAC5D52-82ED-456B-9765-6DD8AB34E33A}.Release|Any CPU.Build.0 = Release|Any CPU
	EndGlobalSection
	GlobalSection(SolutionProperties) = preSolution
		HideSolutionNode = FALSE
	EndGlobalSection
	GlobalSection(ExtensibilityGlobals) = postSolution
		SolutionGuid = {8067FDE5-8890-4BB0-9518-C0B5E4B21C44}
	EndGlobalSection
EndGlobal
